
Microsoft Visual Studio Solution File, Format Version 12.00
# Visual Studio Version 17
VisualStudioVersion = 17.14.36518.9 d17.14
MinimumVisualStudioVersion = 10.0.40219.1
Project("{FAE04EC0-301F-11D3-BF4B-00C04F79EFBC}") = "Todolist", "Todolist.csproj", "{7634096A-2DF2-4BD8-951E-DD25B643A8EE}"
EndProject
Global
	GlobalSection(SolutionConfigurationPlatforms) = preSolution
		Debug|Any CPU = Debug|Any CPU
		Release|Any CPU = Release|Any CPU
	EndGlobalSection
	GlobalSection(ProjectConfigurationPlatforms) = postSolution
		{7634096A-2DF2-4BD8-951E-DD25B643A8EE}.Debug|Any CPU.ActiveCfg = Debug|Any CPU
		{7634096A-2DF2-4BD8-951E-DD25B643A8EE}.Debug|Any CPU.Build.0 = Debug|Any CPU
		{7634096A-2DF2-4BD8-951E-DD25B643A8EE}.Release|Any CPU.ActiveCfg = Release|Any CPU
		{7634096A-2DF2-4BD8-951E-DD25B643A8EE}.Release|Any CPU.Build.0 = Release|Any CPU
	EndGlobalSection
	GlobalSection(SolutionProperties) = preSolution
		HideSolutionNode = FALSE
	EndGlobalSection
	GlobalSection(ExtensibilityGlobals) = postSolution
		SolutionGuid = {A00E263A-5C56-4AE7-8544-A1D15527DF13}
	EndGlobalSection
EndGlobal
